
Microsoft Visual Studio Solution File, Format Version 12.00
# Visual Studio Version 16
VisualStudioVersion = 16.0.34031.81
MinimumVisualStudioVersion = 10.0.40219.1
Project("{FAE04EC0-301F-11D3-BF4B-00C04F79EFBC}") = "Phone number creator", "Phone number creator\Phone number creator.csproj", "{4CD2ADED-0C2B-497A-8B15-AF68C93FB616}"
EndProject
Global
	GlobalSection(SolutionConfigurationPlatforms) = preSolution
		Debug|Any CPU = Debug|Any CPU
		Release|Any CPU = Release|Any CPU
	EndGlobalSection
	GlobalSection(ProjectConfigurationPlatforms) = postSolution
		{4CD2ADED-0C2B-497A-8B15-AF68C93FB616}.Debug|Any CPU.ActiveCfg = Debug|Any CPU
		{4CD2ADED-0C2B-497A-8B15-AF68C93FB616}.Debug|Any CPU.Build.0 = Debug|Any CPU
		{4CD2ADED-0C2B-497A-8B15-AF68C93FB616}.Release|Any CPU.ActiveCfg = Release|Any CPU
		{4CD2ADED-0C2B-497A-8B15-AF68C93FB616}.Release|Any CPU.Build.0 = Release|Any CPU
	EndGlobalSection
	GlobalSection(SolutionProperties) = preSolution
		HideSolutionNode = FALSE
	EndGlobalSection
	GlobalSection(ExtensibilityGlobals) = postSolution
		SolutionGuid = {90F9C26E-C7DD-48EF-849E-B3C3941671B1}
	EndGlobalSection
EndGlobal
